
Microsoft Visual Studio Solution File, Format Version 12.00
# Visual Studio 14
VisualStudioVersion = 14.0.25123.0
MinimumVisualStudioVersion = 10.0.40219.1
Project("{2150E333-8FDC-42A3-9474-1A3956D46DE8}") = "Solution Items", "Solution Items", "{F7B38BC1-EED0-4DD2-A942-ADBBE0BF7706}"
	ProjectSection(SolutionItems) = preProject
		Corvin Site\annettelazzarotto.php = Corvin Site\annettelazzarotto.php
		Corvin Site\brandonweigel.php = Corvin Site\brandonweigel.php
		derekcampbell.php = derekcampbell.php
		Corvin Site\download.php = Corvin Site\download.php
		dylannicholls.php = dylannicholls.php
		Corvin Site\exampleuser.php = Corvin Site\exampleuser.php
		Corvin Site\folderSize.php = Corvin Site\folderSize.php
		generateURL.php = generateURL.php
		gibbslab.php = gibbslab.php
		Corvin Site\humanSize.php = Corvin Site\humanSize.php
		Corvin Site\index.css = Corvin Site\index.css
		Corvin Site\index.html = Corvin Site\index.html
		Corvin Site\jeffjohnson.php = Corvin Site\jeffjohnson.php
		Corvin Site\joelamirshared.php = Corvin Site\joelamirshared.php
		Corvin Site\joeljohnson.php = Corvin Site\joeljohnson.php
		Corvin Site\joshhensley.php = Corvin Site\joshhensley.php
		Corvin Site\laurenbiddle.php = Corvin Site\laurenbiddle.php
		Corvin Site\login.css = Corvin Site\login.css
		login.php = login.php
		Corvin Site\logout.php = Corvin Site\logout.php
		mynavtest.php = mynavtest.php
		navigationtest.php = navigationtest.php
		navtest.php = navtest.php
		newFolder.php = newFolder.php
		Corvin Site\oneWayFunction.php = Corvin Site\oneWayFunction.php
		Corvin Site\recycle.php = Corvin Site\recycle.php
		Corvin Site\rename.php = Corvin Site\rename.php
		Corvin Site\tylerkelley.php = Corvin Site\tylerkelley.php
		Corvin Site\upload.php = Corvin Site\upload.php
		Corvin Site\validate.php = Corvin Site\validate.php
	EndProjectSection
EndProject
Global
	GlobalSection(SolutionProperties) = preSolution
		HideSolutionNode = FALSE
	EndGlobalSection
EndGlobal
